// !$*UTF8*$!
{
	archiveVersion = 1;
	classes = {
	};
	objectVersion = 48;
	objects = {

/* Begin PBXBuildFile section */
		320F3AB11FD5EE6700941392 /* AppDelegate.swift in Sources */ = {isa = PBXBuildFile; fileRef = 320F3AB01FD5EE6700941392 /* AppDelegate.swift */; };
		320F3AB31FD5EE6700941392 /* ViewController.swift in Sources */ = {isa = PBXBuildFile; fileRef = 320F3AB21FD5EE6700941392 /* ViewController.swift */; };
		320F3AB61FD5EE6700941392 /* Main.storyboard in Resources */ = {isa = PBXBuildFile; fileRef = 320F3AB41FD5EE6700941392 /* Main.storyboard */; };
		320F3AB91FD5EE6700941392 /* SoundMixer.xcdatamodeld in Sources */ = {isa = PBXBuildFile; fileRef = 320F3AB71FD5EE6700941392 /* SoundMixer.xcdatamodeld */; };
		320F3ABB1FD5EE6700941392 /* Assets.xcassets in Resources */ = {isa = PBXBuildFile; fileRef = 320F3ABA1FD5EE6700941392 /* Assets.xcassets */; };
		320F3ABE1FD5EE6700941392 /* LaunchScreen.storyboard in Resources */ = {isa = PBXBuildFile; fileRef = 320F3ABC1FD5EE6700941392 /* LaunchScreen.storyboard */; };
/* End PBXBuildFile section */

/* Begin PBXFileReference section */
		320F3AAD1FD5EE6700941392 /* SoundMixer.app */ = {isa = PBXFileReference; explicitFileType = wrapper.application; includeInIndex = 0; path = SoundMixer.app; sourceTree = BUILT_PRODUCTS_DIR; };
		320F3AB01FD5EE6700941392 /* AppDelegate.swift */ = {isa = PBXFileReference; lastKnownFileType = sourcecode.swift; path = AppDelegate.swift; sourceTree = "<group>"; };
		320F3AB21FD5EE6700941392 /* ViewController.swift */ = {isa = PBXFileReference; lastKnownFileType = sourcecode.swift; path = ViewController.swift; sourceTree = "<group>"; };
		320F3AB51FD5EE6700941392 /* Base */ = {isa = PBXFileReference; lastKnownFileType = file.storyboard; name = Base; path = Base.lproj/Main.storyboard; sourceTree = "<group>"; };
		320F3AB81FD5EE6700941392 /* SoundMixer.xcdatamodel */ = {isa = PBXFileReference; lastKnownFileType = wrapper.xcdatamodel; path = SoundMixer.xcdatamodel; sourceTree = "<group>"; };
		320F3ABA1FD5EE6700941392 /* Assets.xcassets */ = {isa = PBXFileReference; lastKnownFileType = folder.assetcatalog; path = Assets.xcassets; sourceTree = "<group>"; };
		320F3ABD1FD5EE6700941392 /* Base */ = {isa = PBXFileReference; lastKnownFileType = file.storyboard; name = Base; path = Base.lproj/LaunchScreen.storyboard; sourceTree = "<group>"; };
		320F3ABF1FD5EE6700941392 /* Info.plist */ = {isa = PBXFileReference; lastKnownFileType = text.plist.xml; path = Info.plist; sourceTree = "<group>"; };
/* End PBXFileReference section */

/* Begin PBXFrameworksBuildPhase section */
		320F3AAA1FD5EE6700941392 /* Frameworks */ = {
			isa = PBXFrameworksBuildPhase;
			buildActionMask = 2147483647;
			files = (
			);
			runOnlyForDeploymentPostprocessing = 0;
		};
/* End PBXFrameworksBuildPhase section */

/* Begin PBXGroup section */
		320F3AA41FD5EE6700941392 = {
			isa = PBXGroup;
			children = (
				320F3AAF1FD5EE6700941392 /* SoundMixer */,
				320F3AAE1FD5EE6700941392 /* Products */,
			);
			sourceTree = "<group>";
		};
		320F3AAE1FD5EE6700941392 /* Products */ = {
			isa = PBXGroup;
			children = (
				320F3AAD1FD5EE6700941392 /* SoundMixer.app */,
			);
			name = Products;
			sourceTree = "<group>";
		};
		320F3AAF1FD5EE6700941392 /* SoundMixer */ = {
			isa = PBXGroup;
			children = (
				320F3AB01FD5EE6700941392 /* AppDelegate.swift */,
				320F3AB21FD5EE6700941392 /* ViewController.swift */,
				320F3AB41FD5EE6700941392 /* Main.storyboard */,
				320F3ABA1FD5EE6700941392 /* Assets.xcassets */,
				320F3ABC1FD5EE6700941392 /* LaunchScreen.storyboard */,
				320F3ABF1FD5EE6700941392 /* Info.plist */,
				320F3AB71FD5EE6700941392 /* SoundMixer.xcdatamodeld */,
			);
			path = SoundMixer;
			sourceTree = "<group>";
		};
/* End PBXGroup section */

/* Begin PBXNativeTarget section */
		320F3AAC1FD5EE6700941392 /* SoundMixer */ = {
			isa = PBXNativeTarget;
			buildConfigurationList = 320F3AC21FD5EE6700941392 /* Build configuration list for PBXNativeTarget "SoundMixer" */;
			buildPhases = (
				320F3AA91FD5EE6700941392 /* Sources */,
				320F3AAA1FD5EE6700941392 /* Frameworks */,
				320F3AAB1FD5EE6700941392 /* Resources */,
			);
			buildRules = (
			);
			dependencies = (
			);
			name = SoundMixer;
			productName = SoundMixer;
			productReference = 320F3AAD1FD5EE6700941392 /* SoundMixer.app */;
			productType = "com.apple.product-type.application";
		};
/* End PBXNativeTarget section */

/* Begin PBXProject section */
		320F3AA51FD5EE6700941392 /* Project object */ = {
			isa = PBXProject;
			attributes = {
				LastSwiftUpdateCheck = 0910;
				LastUpgradeCheck = 0910;
				ORGANIZATIONNAME = "Heather Cates";
				TargetAttributes = {
					320F3AAC1FD5EE6700941392 = {
						CreatedOnToolsVersion = 9.1;
						ProvisioningStyle = Automatic;
					};
				};
			};
			buildConfigurationList = 320F3AA81FD5EE6700941392 /* Build configuration list for PBXProject "SoundMixer" */;
			compatibilityVersion = "Xcode 8.0";
			developmentRegion = en;
			hasScannedForEncodings = 0;
			knownRegions = (
				en,
				Base,
			);
			mainGroup = 320F3AA41FD5EE6700941392;
			productRefGroup = 320F3AAE1FD5EE6700941392 /* Products */;
			projectDirPath = "";
			projectRoot = "";
			targets = (
				320F3AAC1FD5EE6700941392 /* SoundMixer */,
			);
		};
/* End PBXProject section */

/* Begin PBXResourcesBuildPhase section */
		320F3AAB1FD5EE6700941392 /* Resources */ = {
			isa = PBXResourcesBuildPhase;
			buildActionMask = 2147483647;
			files = (
				320F3ABE1FD5EE6700941392 /* LaunchScreen.storyboard in Resources */,
				320F3ABB1FD5EE6700941392 /* Assets.xcassets in Resources */,
				320F3AB61FD5EE6700941392 /* Main.storyboard in Resources */,
			);
			runOnlyForDeploymentPostprocessing = 0;
		};
/* End PBXResourcesBuildPhase section */

/* Begin PBXSourcesBuildPhase section */
		320F3AA91FD5EE6700941392 /* Sources */ = {
			isa = PBXSourcesBuildPhase;
			buildActionMask = 2147483647;
			files = (
				320F3AB31FD5EE6700941392 /* ViewController.swift in Sources */,
				320F3AB11FD5EE6700941392 /* AppDelegate.swift in Sources */,
				320F3AB91FD5EE6700941392 /* SoundMixer.xcdatamodeld in Sources */,
			);
			runOnlyForDeploymentPostprocessing = 0;
		};
/* End PBXSourcesBuildPhase section */

/* Begin PBXVariantGroup section */
		320F3AB41FD5EE6700941392 /* Main.storyboard */ = {
			isa = PBXVariantGroup;
			children = (
				320F3AB51FD5EE6700941392 /* Base */,
			);
			name = Main.storyboard;
			sourceTree = "<group>";
		};
		320F3ABC1FD5EE6700941392 /* LaunchScreen.storyboard */ = {
			isa = PBXVariantGroup;
			children = (
				320F3ABD1FD5EE6700941392 /* Base */,
			);
			name = LaunchScreen.storyboard;
			sourceTree = "<group>";
		};
/* End PBXVariantGroup section */

/* Begin XCBuildConfiguration section */
		320F3AC01FD5EE6700941392 /* Debug */ = {
			isa = XCBuildConfiguration;
			buildSettings = {
				ALWAYS_SEARCH_USER_PATHS = NO;
				CLANG_ANALYZER_NONNULL = YES;
				CLANG_ANALYZER_NUMBER_OBJECT_CONVERSION = YES_AGGRESSIVE;
				CLANG_CXX_LANGUAGE_STANDARD = "gnu++14";
				CLANG_CXX_LIBRARY = "libc++";
				CLANG_ENABLE_MODULES = YES;
				CLANG_ENABLE_OBJC_ARC = YES;
				CLANG_WARN_BLOCK_CAPTURE_AUTORELEASING = YES;
				CLANG_WARN_BOOL_CONVERSION = YES;
				CLANG_WARN_COMMA = YES;
				CLANG_WARN_CONSTANT_CONVERSION = YES;
				CLANG_WARN_DIRECT_OBJC_ISA_USAGE = YES_ERROR;
				CLANG_WARN_DOCUMENTATION_COMMENTS = YES;
				CLANG_WARN_EMPTY_BODY = YES;
				CLANG_WARN_ENUM_CONVERSION = YES;
				CLANG_WARN_INFINITE_RECURSION = YES;
				CLANG_WARN_INT_CONVERSION = YES;
				CLANG_WARN_NON_LITERAL_NULL_CONVERSION = YES;
				CLANG_WARN_OBJC_LITERAL_CONVERSION = YES;
				CLANG_WARN_OBJC_ROOT_CLASS = YES_ERROR;
				CLANG_WARN_RANGE_LOOP_ANALYSIS = YES;
				CLANG_WARN_STRICT_PROTOTYPES = YES;
				CLANG_WARN_SUSPICIOUS_MOVE = YES;
				CLANG_WARN_UNGUARDED_AVAILABILITY = YES_AGGRESSIVE;
				CLANG_WARN_UNREACHABLE_CODE = YES;
				CLANG_WARN__DUPLICATE_METHOD_MATCH = YES;
				CODE_SIGN_IDENTITY = "iPhone Developer";
				COPY_PHASE_STRIP = NO;
				DEBUG_INFORMATION_FORMAT = dwarf;
				ENABLE_STRICT_OBJC_MSGSEND = YES;
				ENABLE_TESTABILITY = YES;
				GCC_C_LANGUAGE_STANDARD = gnu11;
				GCC_DYNAMIC_NO_PIC = NO;
				GCC_NO_COMMON_BLOCKS = YES;
				GCC_OPTIMIZATION_LEVEL = 0;
				GCC_PREPROCESSOR_DEFINITIONS = (
					"DEBUG=1",
					"$(inherited)",
				);
				GCC_WARN_64_TO_32_BIT_CONVERSION = YES;
				GCC_WARN_ABOUT_RETURN_TYPE = YES_ERROR;
				GCC_WARN_UNDECLARED_SELECTOR = YES;
				GCC_WARN_UNINITIALIZED_AUTOS = YES_AGGRESSIVE;
				GCC_WARN_UNUSED_FUNCTION = YES;
				GCC_WARN_UNUSED_VARIABLE = YES;
				IPHONEOS_DEPLOYMENT_TARGET = 11.1;
				MTL_ENABLE_DEBUG_INFO = YES;
				ONLY_ACTIVE_ARCH = YES;
				SDKROOT = iphoneos;
				SWIFT_ACTIVE_COMPILATION_CONDITIONS = DEBUG;
				SWIFT_OPTIMIZATION_LEVEL = "-Onone";
			};
			name = Debug;
		};
		320F3AC11FD5EE6700941392 /* Release */ = {
			isa = XCBuildConfiguration;
			buildSettings = {
				ALWAYS_SEARCH_USER_PATHS = NO;
				CLANG_ANALYZER_NONNULL = YES;
				CLANG_ANALYZER_NUMBER_OBJECT_CONVERSION = YES_AGGRESSIVE;
				CLANG_CXX_LANGUAGE_STANDARD = "gnu++14";
				CLANG_CXX_LIBRARY = "libc++";
				CLANG_ENABLE_MODULES = YES;
				CLANG_ENABLE_OBJC_ARC = YES;
				CLANG_WARN_BLOCK_CAPTURE_AUTORELEASING = YES;
				CLANG_WARN_BOOL_CONVERSION = YES;
				CLANG_WARN_COMMA = YES;
				CLANG_WARN_CONSTANT_CONVERSION = YES;
				CLANG_WARN_DIRECT_OBJC_ISA_USAGE = YES_ERROR;
				CLANG_WARN_DOCUMENTATION_COMMENTS = YES;
				CLANG_WARN_EMPTY_BODY = YES;
				CLANG_WARN_ENUM_CONVERSION = YES;
				CLANG_WARN_INFINITE_RECURSION = YES;
				CLANG_WARN_INT_CONVERSION = YES;
				CLANG_WARN_NON_LITERAL_NULL_CONVERSION = YES;
				CLANG_WARN_OBJC_LITERAL_CONVERSION = YES;
				CLANG_WARN_OBJC_ROOT_CLASS = YES_ERROR;
				CLANG_WARN_RANGE_LOOP_ANALYSIS = YES;
				CLANG_WARN_STRICT_PROTOTYPES = YES;
				CLANG_WARN_SUSPICIOUS_MOVE = YES;
				CLANG_WARN_UNGUARDED_AVAILABILITY = YES_AGGRESSIVE;
				CLANG_WARN_UNREACHABLE_CODE = YES;
				CLANG_WARN__DUPLICATE_METHOD_MATCH = YES;
				CODE_SIGN_IDENTITY = "iPhone Developer";
				COPY_PHASE_STRIP = NO;
				DEBUG_INFORMATION_FORMAT = "dwarf-with-dsym";
				ENABLE_NS_ASSERTIONS = NO;
				ENABLE_STRICT_OBJC_MSGSEND = YES;
				GCC_C_LANGUAGE_STANDARD = gnu11;
				GCC_NO_COMMON_BLOCKS = YES;
				GCC_WARN_64_TO_32_BIT_CONVERSION = YES;
				GCC_WARN_ABOUT_RETURN_TYPE = YES_ERROR;
				GCC_WARN_UNDECLARED_SELECTOR = YES;
				GCC_WARN_UNINITIALIZED_AUTOS = YES_AGGRESSIVE;
				GCC_WARN_UNUSED_FUNCTION = YES;
				GCC_WARN_UNUSED_VARIABLE = YES;
				IPHONEOS_DEPLOYMENT_TARGET = 11.1;
				MTL_ENABLE_DEBUG_INFO = NO;
				SDKROOT = iphoneos;
				SWIFT_OPTIMIZATION_LEVEL = "-Owholemodule";
				VALIDATE_PRODUCT = YES;
			};
			name = Release;
		};
		320F3AC31FD5EE6700941392 /* Debug */ = {
			isa = XCBuildConfiguration;
			buildSettings = {
				ASSETCATALOG_COMPILER_APPICON_NAME = AppIcon;
				CODE_SIGN_STYLE = Automatic;
				INFOPLIST_FILE = SoundMixer/Info.plist;
				LD_RUNPATH_SEARCH_PATHS = "$(inherited) @executable_path/Frameworks";
				PRODUCT_BUNDLE_IDENTIFIER = com.HeatherCates.SoundMixer;
				PRODUCT_NAME = "$(TARGET_NAME)";
				SWIFT_VERSION = 4.0;
				TARGETED_DEVICE_FAMILY = "1,2";
			};
			name = Debug;
		};
		320F3AC41FD5EE6700941392 /* Release */ = {
			isa = XCBuildConfiguration;
			buildSettings = {
				ASSETCATALOG_COMPILER_APPICON_NAME = AppIcon;
				CODE_SIGN_STYLE = Automatic;
				INFOPLIST_FILE = SoundMixer/Info.plist;
				LD_RUNPATH_SEARCH_PATHS = "$(inherited) @executable_path/Frameworks";
				PRODUCT_BUNDLE_IDENTIFIER = com.HeatherCates.SoundMixer;
				PRODUCT_NAME = "$(TARGET_NAME)";
				SWIFT_VERSION = 4.0;
				TARGETED_DEVICE_FAMILY = "1,2";
			};
			name = Release;
		};
/* End XCBuildConfiguration section */

/* Begin XCConfigurationList section */
		320F3AA81FD5EE6700941392 /* Build configuration list for PBXProject "SoundMixer" */ = {
			isa = XCConfigurationList;
			buildConfigurations = (
				320F3AC01FD5EE6700941392 /* Debug */,
				320F3AC11FD5EE6700941392 /* Release */,
			);
			defaultConfigurationIsVisible = 0;
			defaultConfigurationName = Release;
		};
		320F3AC21FD5EE6700941392 /* Build configuration list for PBXNativeTarget "SoundMixer" */ = {
			isa = XCConfigurationList;
			buildConfigurations = (
				320F3AC31FD5EE6700941392 /* Debug */,
				320F3AC41FD5EE6700941392 /* Release */,
			);
			defaultConfigurationIsVisible = 0;
			defaultConfigurationName = Release;
		};
/* End XCConfigurationList section */

/* Begin XCVersionGroup section */
		320F3AB71FD5EE6700941392 /* SoundMixer.xcdatamodeld */ = {
			isa = XCVersionGroup;
			children = (
				320F3AB81FD5EE6700941392 /* SoundMixer.xcdatamodel */,
			);
			currentVersion = 320F3AB81FD5EE6700941392 /* SoundMixer.xcdatamodel */;
			path = SoundMixer.xcdatamodeld;
			sourceTree = "<group>";
			versionGroupType = wrapper.xcdatamodel;
		};
/* End XCVersionGroup section */
	};
	rootObject = 320F3AA51FD5EE6700941392 /* Project object */;
}
